
Microsoft Visual Studio Solution File, Format Version 12.00
# Visual Studio Version 17
VisualStudioVersion = 17.13.35919.96 d17.13
MinimumVisualStudioVersion = 10.0.40219.1
Project("{FAE04EC0-301F-11D3-BF4B-00C04F79EFBC}") = "C#_Ders_3_MakingDecision", "C#_Ders_3_MakingDecision\C#_Ders_3_MakingDecision.csproj", "{1C32BAF9-4259-4906-9F42-3F9C068B94CF}"
EndProject
Global
	GlobalSection(SolutionConfigurationPlatforms) = preSolution
		Debug|Any CPU = Debug|Any CPU
		Release|Any CPU = Release|Any CPU
	EndGlobalSection
	GlobalSection(ProjectConfigurationPlatforms) = postSolution
		{1C32BAF9-4259-4906-9F42-3F9C068B94CF}.Debug|Any CPU.ActiveCfg = Debug|Any CPU
		{1C32BAF9-4259-4906-9F42-3F9C068B94CF}.Debug|Any CPU.Build.0 = Debug|Any CPU
		{1C32BAF9-4259-4906-9F42-3F9C068B94CF}.Release|Any CPU.ActiveCfg = Release|Any CPU
		{1C32BAF9-4259-4906-9F42-3F9C068B94CF}.Release|Any CPU.Build.0 = Release|Any CPU
	EndGlobalSection
	GlobalSection(SolutionProperties) = preSolution
		HideSolutionNode = FALSE
	EndGlobalSection
	GlobalSection(ExtensibilityGlobals) = postSolution
		SolutionGuid = {79009DE7-C016-41E7-A99B-9E03724355FC}
	EndGlobalSection
EndGlobal
