
Microsoft Visual Studio Solution File, Format Version 12.00
# Visual Studio Version 17
VisualStudioVersion = 17.13.35919.96 d17.13
MinimumVisualStudioVersion = 10.0.40219.1
Project("{FAE04EC0-301F-11D3-BF4B-00C04F79EFBC}") = "C#_Ders_6_Arrays", "C#_Ders_6_Arrays\C#_Ders_6_Arrays.csproj", "{F919C7B2-D765-462C-9A53-2F0B1C44468F}"
EndProject
Global
	GlobalSection(SolutionConfigurationPlatforms) = preSolution
		Debug|Any CPU = Debug|Any CPU
		Release|Any CPU = Release|Any CPU
	EndGlobalSection
	GlobalSection(ProjectConfigurationPlatforms) = postSolution
		{F919C7B2-D765-462C-9A53-2F0B1C44468F}.Debug|Any CPU.ActiveCfg = Debug|Any CPU
		{F919C7B2-D765-462C-9A53-2F0B1C44468F}.Debug|Any CPU.Build.0 = Debug|Any CPU
		{F919C7B2-D765-462C-9A53-2F0B1C44468F}.Release|Any CPU.ActiveCfg = Release|Any CPU
		{F919C7B2-D765-462C-9A53-2F0B1C44468F}.Release|Any CPU.Build.0 = Release|Any CPU
	EndGlobalSection
	GlobalSection(SolutionProperties) = preSolution
		HideSolutionNode = FALSE
	EndGlobalSection
	GlobalSection(ExtensibilityGlobals) = postSolution
		SolutionGuid = {67930345-E4A5-4C8E-935E-A3D873E42444}
	EndGlobalSection
EndGlobal
